
Microsoft Visual Studio Solution File, Format Version 12.00
# Visual Studio Version 17
VisualStudioVersion = 17.1.32319.34
MinimumVisualStudioVersion = 10.0.40219.1
Project("{FAE04EC0-301F-11D3-BF4B-00C04F79EFBC}") = "DustyPig.Firebase.Auth", "DustyPig.Firebase.Auth\DustyPig.Firebase.Auth.csproj", "{D309FC27-7903-4669-99B1-8AE583F335C3}"
EndProject
Project("{9A19103F-16F7-4668-BE54-9A1E7A4F7556}") = "DustyPig.Firebase.Auth.Tests", "DustyPig.Firebase.Auth.Tests\DustyPig.Firebase.Auth.Tests.csproj", "{A890FD21-663F-44B3-B8D3-5E0AAFF8EEBA}"
EndProject
Project("{2150E333-8FDC-42A3-9474-1A3956D46DE8}") = "Solution Items", "Solution Items", "{8112C9AF-C547-4390-ADEA-8BE0217F56A8}"
	ProjectSection(SolutionItems) = preProject
		README.md = README.md
	EndProjectSection
EndProject
Project("{2150E333-8FDC-42A3-9474-1A3956D46DE8}") = ".github", ".github", "{DE8DC46D-1BF2-4DF1-B19D-EAA4491A2D54}"
EndProject
Project("{2150E333-8FDC-42A3-9474-1A3956D46DE8}") = "workflows", "workflows", "{D9580314-8722-4765-A63E-5BB97C43D3D3}"
	ProjectSection(SolutionItems) = preProject
		.github\workflows\auto_build.yml = .github\workflows\auto_build.yml
		.github\workflows\release.yml = .github\workflows\release.yml
	EndProjectSection
EndProject
Global
	GlobalSection(SolutionConfigurationPlatforms) = preSolution
		Debug|Any CPU = Debug|Any CPU
		Release|Any CPU = Release|Any CPU
	EndGlobalSection
	GlobalSection(ProjectConfigurationPlatforms) = postSolution
		{D309FC27-7903-4669-99B1-8AE583F335C3}.Debug|Any CPU.ActiveCfg = Debug|Any CPU
		{D309FC27-7903-4669-99B1-8AE583F335C3}.Debug|Any CPU.Build.0 = Debug|Any CPU
		{D309FC27-7903-4669-99B1-8AE583F335C3}.Release|Any CPU.ActiveCfg = Release|Any CPU
		{D309FC27-7903-4669-99B1-8AE583F335C3}.Release|Any CPU.Build.0 = Release|Any CPU
		{A890FD21-663F-44B3-B8D3-5E0AAFF8EEBA}.Debug|Any CPU.ActiveCfg = Debug|Any CPU
		{A890FD21-663F-44B3-B8D3-5E0AAFF8EEBA}.Debug|Any CPU.Build.0 = Debug|Any CPU
		{A890FD21-663F-44B3-B8D3-5E0AAFF8EEBA}.Release|Any CPU.ActiveCfg = Release|Any CPU
		{A890FD21-663F-44B3-B8D3-5E0AAFF8EEBA}.Release|Any CPU.Build.0 = Release|Any CPU
	EndGlobalSection
	GlobalSection(SolutionProperties) = preSolution
		HideSolutionNode = FALSE
	EndGlobalSection
	GlobalSection(NestedProjects) = preSolution
		{DE8DC46D-1BF2-4DF1-B19D-EAA4491A2D54} = {8112C9AF-C547-4390-ADEA-8BE0217F56A8}
		{D9580314-8722-4765-A63E-5BB97C43D3D3} = {DE8DC46D-1BF2-4DF1-B19D-EAA4491A2D54}
	EndGlobalSection
	GlobalSection(ExtensibilityGlobals) = postSolution
		SolutionGuid = {EFD5F2DD-BE8E-4FE0-8764-380C653BB9BE}
	EndGlobalSection
EndGlobal
